// !$*UTF8*$!
{
	archiveVersion = 1;
	classes = {
	};
	objectVersion = 56;
	objects = {

/* Begin PBXBuildFile section */
		E33BC6C02BFE41B700886D74 /* XCTestCase+MemoryLeakTrackingHelper.swift in Sources */ = {isa = PBXBuildFile; fileRef = E33BC6BF2BFE41B700886D74 /* XCTestCase+MemoryLeakTrackingHelper.swift */; };
		E37F159A2BF647AB00D89DFC /* URLSessionHTTPClientTests.swift in Sources */ = {isa = PBXBuildFile; fileRef = E37F15992BF647AB00D89DFC /* URLSessionHTTPClientTests.swift */; };
		E3988CE32BFFD3B300D6CBAE /* URLSessionHTTPClient.swift in Sources */ = {isa = PBXBuildFile; fileRef = E3988CE22BFFD3B300D6CBAE /* URLSessionHTTPClient.swift */; };
		E3A77DAA2C0E310F0010173B /* EssentialFeedAPIEndToEndTests.swift in Sources */ = {isa = PBXBuildFile; fileRef = E3A77DA92C0E310F0010173B /* EssentialFeedAPIEndToEndTests.swift */; };
		E3A77DAB2C0E310F0010173B /* EssentialFeed.framework in Frameworks */ = {isa = PBXBuildFile; fileRef = E3E425F82BB73CEC007E9224 /* EssentialFeed.framework */; };
		E3ACEC882C10E69400340E06 /* XCTestCase+MemoryLeakTrackingHelper.swift in Sources */ = {isa = PBXBuildFile; fileRef = E33BC6BF2BFE41B700886D74 /* XCTestCase+MemoryLeakTrackingHelper.swift */; };
		E3B4BA1C2BBC2C65005DC31B /* RemoteFeedLoaderTests.swift in Sources */ = {isa = PBXBuildFile; fileRef = E3B4BA1B2BBC2C65005DC31B /* RemoteFeedLoaderTests.swift */; };
		E3B4BA1F2BBC6416005DC31B /* RemoteFeedLoader.swift in Sources */ = {isa = PBXBuildFile; fileRef = E3B4BA1E2BBC6416005DC31B /* RemoteFeedLoader.swift */; };
		E3E0B59E2BE8D787003AE13E /* HTTPClient.swift in Sources */ = {isa = PBXBuildFile; fileRef = E3E0B59D2BE8D787003AE13E /* HTTPClient.swift */; };
		E3E0B5A02BE8D7BA003AE13E /* FeedItemsMapper.swift in Sources */ = {isa = PBXBuildFile; fileRef = E3E0B59F2BE8D7BA003AE13E /* FeedItemsMapper.swift */; };
		E3E426012BB73CEC007E9224 /* EssentialFeed.framework in Frameworks */ = {isa = PBXBuildFile; fileRef = E3E425F82BB73CEC007E9224 /* EssentialFeed.framework */; };
		E3E426062BB73CEC007E9224 /* EssentialFeedTests.swift in Sources */ = {isa = PBXBuildFile; fileRef = E3E426052BB73CEC007E9224 /* EssentialFeedTests.swift */; };
		E3E426072BB73CEC007E9224 /* EssentialFeed.h in Headers */ = {isa = PBXBuildFile; fileRef = E3E425FB2BB73CEC007E9224 /* EssentialFeed.h */; settings = {ATTRIBUTES = (Public, ); }; };
		E3E426112BB73D91007E9224 /* FeedItem.swift in Sources */ = {isa = PBXBuildFile; fileRef = E3E426102BB73D91007E9224 /* FeedItem.swift */; };
		E3E426132BB73E7B007E9224 /* FeedLoader.swift in Sources */ = {isa = PBXBuildFile; fileRef = E3E426122BB73E7B007E9224 /* FeedLoader.swift */; };
/* End PBXBuildFile section */

/* Begin PBXContainerItemProxy section */
		E3A77DAC2C0E310F0010173B /* PBXContainerItemProxy */ = {
			isa = PBXContainerItemProxy;
			containerPortal = E3E425EF2BB73CEC007E9224 /* Project object */;
			proxyType = 1;
			remoteGlobalIDString = E3E425F72BB73CEC007E9224;
			remoteInfo = EssentialFeed;
		};
		E3E426022BB73CEC007E9224 /* PBXContainerItemProxy */ = {
			isa = PBXContainerItemProxy;
			containerPortal = E3E425EF2BB73CEC007E9224 /* Project object */;
			proxyType = 1;
			remoteGlobalIDString = E3E425F72BB73CEC007E9224;
			remoteInfo = EssentialFeed;
		};
/* End PBXContainerItemProxy section */

/* Begin PBXFileReference section */
		E33BC6BF2BFE41B700886D74 /* XCTestCase+MemoryLeakTrackingHelper.swift */ = {isa = PBXFileReference; lastKnownFileType = sourcecode.swift; path = "XCTestCase+MemoryLeakTrackingHelper.swift"; sourceTree = "<group>"; };
		E37F15992BF647AB00D89DFC /* URLSessionHTTPClientTests.swift */ = {isa = PBXFileReference; lastKnownFileType = sourcecode.swift; path = URLSessionHTTPClientTests.swift; sourceTree = "<group>"; };
		E3988CE22BFFD3B300D6CBAE /* URLSessionHTTPClient.swift */ = {isa = PBXFileReference; lastKnownFileType = sourcecode.swift; path = URLSessionHTTPClient.swift; sourceTree = "<group>"; };
		E3A77DA22C0E2E510010173B /* EssentialFeed.xctestplan */ = {isa = PBXFileReference; lastKnownFileType = text; path = EssentialFeed.xctestplan; sourceTree = "<group>"; };
		E3A77DA72C0E310F0010173B /* EssentialFeedAPIEndToEndTests.xctest */ = {isa = PBXFileReference; explicitFileType = wrapper.cfbundle; includeInIndex = 0; path = EssentialFeedAPIEndToEndTests.xctest; sourceTree = BUILT_PRODUCTS_DIR; };
		E3A77DA92C0E310F0010173B /* EssentialFeedAPIEndToEndTests.swift */ = {isa = PBXFileReference; lastKnownFileType = sourcecode.swift; path = EssentialFeedAPIEndToEndTests.swift; sourceTree = "<group>"; };
		E3ACEC892C10E77F00340E06 /* CI.xctestplan */ = {isa = PBXFileReference; lastKnownFileType = text; path = CI.xctestplan; sourceTree = "<group>"; };
		E3B4BA1B2BBC2C65005DC31B /* RemoteFeedLoaderTests.swift */ = {isa = PBXFileReference; lastKnownFileType = sourcecode.swift; path = RemoteFeedLoaderTests.swift; sourceTree = "<group>"; };
		E3B4BA1E2BBC6416005DC31B /* RemoteFeedLoader.swift */ = {isa = PBXFileReference; lastKnownFileType = sourcecode.swift; path = RemoteFeedLoader.swift; sourceTree = "<group>"; };
		E3E0B59D2BE8D787003AE13E /* HTTPClient.swift */ = {isa = PBXFileReference; lastKnownFileType = sourcecode.swift; path = HTTPClient.swift; sourceTree = "<group>"; };
		E3E0B59F2BE8D7BA003AE13E /* FeedItemsMapper.swift */ = {isa = PBXFileReference; lastKnownFileType = sourcecode.swift; path = FeedItemsMapper.swift; sourceTree = "<group>"; };
		E3E425F82BB73CEC007E9224 /* EssentialFeed.framework */ = {isa = PBXFileReference; explicitFileType = wrapper.framework; includeInIndex = 0; path = EssentialFeed.framework; sourceTree = BUILT_PRODUCTS_DIR; };
		E3E425FB2BB73CEC007E9224 /* EssentialFeed.h */ = {isa = PBXFileReference; lastKnownFileType = sourcecode.c.h; path = EssentialFeed.h; sourceTree = "<group>"; };
		E3E426002BB73CEC007E9224 /* EssentialFeedTests.xctest */ = {isa = PBXFileReference; explicitFileType = wrapper.cfbundle; includeInIndex = 0; path = EssentialFeedTests.xctest; sourceTree = BUILT_PRODUCTS_DIR; };
		E3E426052BB73CEC007E9224 /* EssentialFeedTests.swift */ = {isa = PBXFileReference; lastKnownFileType = sourcecode.swift; path = EssentialFeedTests.swift; sourceTree = "<group>"; };
		E3E426102BB73D91007E9224 /* FeedItem.swift */ = {isa = PBXFileReference; lastKnownFileType = sourcecode.swift; path = FeedItem.swift; sourceTree = "<group>"; };
		E3E426122BB73E7B007E9224 /* FeedLoader.swift */ = {isa = PBXFileReference; lastKnownFileType = sourcecode.swift; path = FeedLoader.swift; sourceTree = "<group>"; };
/* End PBXFileReference section */

/* Begin PBXFrameworksBuildPhase section */
		E3A77DA42C0E310F0010173B /* Frameworks */ = {
			isa = PBXFrameworksBuildPhase;
			buildActionMask = 2147483647;
			files = (
				E3A77DAB2C0E310F0010173B /* EssentialFeed.framework in Frameworks */,
			);
			runOnlyForDeploymentPostprocessing = 0;
		};
		E3E425F52BB73CEC007E9224 /* Frameworks */ = {
			isa = PBXFrameworksBuildPhase;
			buildActionMask = 2147483647;
			files = (
			);
			runOnlyForDeploymentPostprocessing = 0;
		};
		E3E425FD2BB73CEC007E9224 /* Frameworks */ = {
			isa = PBXFrameworksBuildPhase;
			buildActionMask = 2147483647;
			files = (
				E3E426012BB73CEC007E9224 /* EssentialFeed.framework in Frameworks */,
			);
			runOnlyForDeploymentPostprocessing = 0;
		};
/* End PBXFrameworksBuildPhase section */

/* Begin PBXGroup section */
		E33BC6BE2BFE419300886D74 /* Helper */ = {
			isa = PBXGroup;
			children = (
				E33BC6BF2BFE41B700886D74 /* XCTestCase+MemoryLeakTrackingHelper.swift */,
			);
			path = Helper;
			sourceTree = "<group>";
		};
		E3A77DA82C0E310F0010173B /* EssentialFeedAPIEndToEndTests */ = {
			isa = PBXGroup;
			children = (
				E3A77DA92C0E310F0010173B /* EssentialFeedAPIEndToEndTests.swift */,
			);
			path = EssentialFeedAPIEndToEndTests;
			sourceTree = "<group>";
		};
		E3B4BA1D2BBC6408005DC31B /* Feed API */ = {
			isa = PBXGroup;
			children = (
				E3B4BA1E2BBC6416005DC31B /* RemoteFeedLoader.swift */,
				E3E0B59F2BE8D7BA003AE13E /* FeedItemsMapper.swift */,
				E3E0B59D2BE8D787003AE13E /* HTTPClient.swift */,
				E3988CE22BFFD3B300D6CBAE /* URLSessionHTTPClient.swift */,
			);
			path = "Feed API";
			sourceTree = "<group>";
		};
		E3E0B5A12BE91A96003AE13E /* Feed API */ = {
			isa = PBXGroup;
			children = (
				E3B4BA1B2BBC2C65005DC31B /* RemoteFeedLoaderTests.swift */,
				E37F15992BF647AB00D89DFC /* URLSessionHTTPClientTests.swift */,
			);
			path = "Feed API";
			sourceTree = "<group>";
		};
		E3E425EE2BB73CEC007E9224 = {
			isa = PBXGroup;
			children = (
				E3ACEC892C10E77F00340E06 /* CI.xctestplan */,
				E3A77DA22C0E2E510010173B /* EssentialFeed.xctestplan */,
				E3E425FA2BB73CEC007E9224 /* EssentialFeed */,
				E3E426042BB73CEC007E9224 /* EssentialFeedTests */,
				E3A77DA82C0E310F0010173B /* EssentialFeedAPIEndToEndTests */,
				E3E425F92BB73CEC007E9224 /* Products */,
			);
			sourceTree = "<group>";
		};
		E3E425F92BB73CEC007E9224 /* Products */ = {
			isa = PBXGroup;
			children = (
				E3E425F82BB73CEC007E9224 /* EssentialFeed.framework */,
				E3E426002BB73CEC007E9224 /* EssentialFeedTests.xctest */,
				E3A77DA72C0E310F0010173B /* EssentialFeedAPIEndToEndTests.xctest */,
			);
			name = Products;
			sourceTree = "<group>";
		};
		E3E425FA2BB73CEC007E9224 /* EssentialFeed */ = {
			isa = PBXGroup;
			children = (
				E3E426142BB73F68007E9224 /* Feed Feature */,
				E3B4BA1D2BBC6408005DC31B /* Feed API */,
				E3E425FB2BB73CEC007E9224 /* EssentialFeed.h */,
			);
			path = EssentialFeed;
			sourceTree = "<group>";
		};
		E3E426042BB73CEC007E9224 /* EssentialFeedTests */ = {
			isa = PBXGroup;
			children = (
				E33BC6BE2BFE419300886D74 /* Helper */,
				E3E426052BB73CEC007E9224 /* EssentialFeedTests.swift */,
				E3E0B5A12BE91A96003AE13E /* Feed API */,
			);
			path = EssentialFeedTests;
			sourceTree = "<group>";
		};
		E3E426142BB73F68007E9224 /* Feed Feature */ = {
			isa = PBXGroup;
			children = (
				E3E426102BB73D91007E9224 /* FeedItem.swift */,
				E3E426122BB73E7B007E9224 /* FeedLoader.swift */,
			);
			path = "Feed Feature";
			sourceTree = "<group>";
		};
/* End PBXGroup section */

/* Begin PBXHeadersBuildPhase section */
		E3E425F32BB73CEC007E9224 /* Headers */ = {
			isa = PBXHeadersBuildPhase;
			buildActionMask = 2147483647;
			files = (
				E3E426072BB73CEC007E9224 /* EssentialFeed.h in Headers */,
			);
			runOnlyForDeploymentPostprocessing = 0;
		};
/* End PBXHeadersBuildPhase section */

/* Begin PBXNativeTarget section */
		E3A77DA62C0E310F0010173B /* EssentialFeedAPIEndToEndTests */ = {
			isa = PBXNativeTarget;
			buildConfigurationList = E3A77DAE2C0E310F0010173B /* Build configuration list for PBXNativeTarget "EssentialFeedAPIEndToEndTests" */;
			buildPhases = (
				E3A77DA32C0E310F0010173B /* Sources */,
				E3A77DA42C0E310F0010173B /* Frameworks */,
				E3A77DA52C0E310F0010173B /* Resources */,
			);
			buildRules = (
			);
			dependencies = (
				E3A77DAD2C0E310F0010173B /* PBXTargetDependency */,
			);
			name = EssentialFeedAPIEndToEndTests;
			productName = EssentialFeedAPIEndToEndTests;
			productReference = E3A77DA72C0E310F0010173B /* EssentialFeedAPIEndToEndTests.xctest */;
			productType = "com.apple.product-type.bundle.unit-test";
		};
		E3E425F72BB73CEC007E9224 /* EssentialFeed */ = {
			isa = PBXNativeTarget;
			buildConfigurationList = E3E4260A2BB73CEC007E9224 /* Build configuration list for PBXNativeTarget "EssentialFeed" */;
			buildPhases = (
				E3E425F32BB73CEC007E9224 /* Headers */,
				E3E425F42BB73CEC007E9224 /* Sources */,
				E3E425F52BB73CEC007E9224 /* Frameworks */,
				E3E425F62BB73CEC007E9224 /* Resources */,
			);
			buildRules = (
			);
			dependencies = (
			);
			name = EssentialFeed;
			productName = EssentialFeed;
			productReference = E3E425F82BB73CEC007E9224 /* EssentialFeed.framework */;
			productType = "com.apple.product-type.framework";
		};
		E3E425FF2BB73CEC007E9224 /* EssentialFeedTests */ = {
			isa = PBXNativeTarget;
			buildConfigurationList = E3E4260D2BB73CEC007E9224 /* Build configuration list for PBXNativeTarget "EssentialFeedTests" */;
			buildPhases = (
				E3E425FC2BB73CEC007E9224 /* Sources */,
				E3E425FD2BB73CEC007E9224 /* Frameworks */,
				E3E425FE2BB73CEC007E9224 /* Resources */,
			);
			buildRules = (
			);
			dependencies = (
				E3E426032BB73CEC007E9224 /* PBXTargetDependency */,
			);
			name = EssentialFeedTests;
			productName = EssentialFeedTests;
			productReference = E3E426002BB73CEC007E9224 /* EssentialFeedTests.xctest */;
			productType = "com.apple.product-type.bundle.unit-test";
		};
/* End PBXNativeTarget section */

/* Begin PBXProject section */
		E3E425EF2BB73CEC007E9224 /* Project object */ = {
			isa = PBXProject;
			attributes = {
				BuildIndependentTargetsInParallel = 1;
				LastSwiftUpdateCheck = 1530;
				LastUpgradeCheck = 1530;
				TargetAttributes = {
					E3A77DA62C0E310F0010173B = {
						CreatedOnToolsVersion = 15.3;
					};
					E3E425F72BB73CEC007E9224 = {
						CreatedOnToolsVersion = 15.3;
						LastSwiftMigration = 1530;
					};
					E3E425FF2BB73CEC007E9224 = {
						CreatedOnToolsVersion = 15.3;
					};
				};
			};
			buildConfigurationList = E3E425F22BB73CEC007E9224 /* Build configuration list for PBXProject "EssentialFeed" */;
			compatibilityVersion = "Xcode 14.0";
			developmentRegion = en;
			hasScannedForEncodings = 0;
			knownRegions = (
				en,
				Base,
			);
			mainGroup = E3E425EE2BB73CEC007E9224;
			productRefGroup = E3E425F92BB73CEC007E9224 /* Products */;
			projectDirPath = "";
			projectRoot = "";
			targets = (
				E3E425F72BB73CEC007E9224 /* EssentialFeed */,
				E3E425FF2BB73CEC007E9224 /* EssentialFeedTests */,
				E3A77DA62C0E310F0010173B /* EssentialFeedAPIEndToEndTests */,
			);
		};
/* End PBXProject section */

/* Begin PBXResourcesBuildPhase section */
		E3A77DA52C0E310F0010173B /* Resources */ = {
			isa = PBXResourcesBuildPhase;
			buildActionMask = 2147483647;
			files = (
			);
			runOnlyForDeploymentPostprocessing = 0;
		};
		E3E425F62BB73CEC007E9224 /* Resources */ = {
			isa = PBXResourcesBuildPhase;
			buildActionMask = 2147483647;
			files = (
			);
			runOnlyForDeploymentPostprocessing = 0;
		};
		E3E425FE2BB73CEC007E9224 /* Resources */ = {
			isa = PBXResourcesBuildPhase;
			buildActionMask = 2147483647;
			files = (
			);
			runOnlyForDeploymentPostprocessing = 0;
		};
/* End PBXResourcesBuildPhase section */

/* Begin PBXSourcesBuildPhase section */
		E3A77DA32C0E310F0010173B /* Sources */ = {
			isa = PBXSourcesBuildPhase;
			buildActionMask = 2147483647;
			files = (
				E3A77DAA2C0E310F0010173B /* EssentialFeedAPIEndToEndTests.swift in Sources */,
				E3ACEC882C10E69400340E06 /* XCTestCase+MemoryLeakTrackingHelper.swift in Sources */,
			);
			runOnlyForDeploymentPostprocessing = 0;
		};
		E3E425F42BB73CEC007E9224 /* Sources */ = {
			isa = PBXSourcesBuildPhase;
			buildActionMask = 2147483647;
			files = (
				E3E0B5A02BE8D7BA003AE13E /* FeedItemsMapper.swift in Sources */,
				E3E426132BB73E7B007E9224 /* FeedLoader.swift in Sources */,
				E3B4BA1F2BBC6416005DC31B /* RemoteFeedLoader.swift in Sources */,
				E3E0B59E2BE8D787003AE13E /* HTTPClient.swift in Sources */,
				E3E426112BB73D91007E9224 /* FeedItem.swift in Sources */,
				E3988CE32BFFD3B300D6CBAE /* URLSessionHTTPClient.swift in Sources */,
			);
			runOnlyForDeploymentPostprocessing = 0;
		};
		E3E425FC2BB73CEC007E9224 /* Sources */ = {
			isa = PBXSourcesBuildPhase;
			buildActionMask = 2147483647;
			files = (
				E3B4BA1C2BBC2C65005DC31B /* RemoteFeedLoaderTests.swift in Sources */,
				E3E426062BB73CEC007E9224 /* EssentialFeedTests.swift in Sources */,
				E37F159A2BF647AB00D89DFC /* URLSessionHTTPClientTests.swift in Sources */,
				E33BC6C02BFE41B700886D74 /* XCTestCase+MemoryLeakTrackingHelper.swift in Sources */,
			);
			runOnlyForDeploymentPostprocessing = 0;
		};
/* End PBXSourcesBuildPhase section */

/* Begin PBXTargetDependency section */
		E3A77DAD2C0E310F0010173B /* PBXTargetDependency */ = {
			isa = PBXTargetDependency;
			target = E3E425F72BB73CEC007E9224 /* EssentialFeed */;
			targetProxy = E3A77DAC2C0E310F0010173B /* PBXContainerItemProxy */;
		};
		E3E426032BB73CEC007E9224 /* PBXTargetDependency */ = {
			isa = PBXTargetDependency;
			target = E3E425F72BB73CEC007E9224 /* EssentialFeed */;
			targetProxy = E3E426022BB73CEC007E9224 /* PBXContainerItemProxy */;
		};
/* End PBXTargetDependency section */

/* Begin XCBuildConfiguration section */
		E3A77DAF2C0E310F0010173B /* Debug */ = {
			isa = XCBuildConfiguration;
			buildSettings = {
				CODE_SIGN_STYLE = Automatic;
				CURRENT_PROJECT_VERSION = 1;
				DEVELOPMENT_TEAM = 46FR58MBB3;
				GENERATE_INFOPLIST_FILE = YES;
				MARKETING_VERSION = 1.0;
				PRODUCT_BUNDLE_IDENTIFIER = maltaz.EssentialFeedAPIEndToEndTests;
				PRODUCT_NAME = "$(TARGET_NAME)";
				SWIFT_EMIT_LOC_STRINGS = NO;
				SWIFT_VERSION = 5.0;
			};
			name = Debug;
		};
		E3A77DB02C0E310F0010173B /* Release */ = {
			isa = XCBuildConfiguration;
			buildSettings = {
				CODE_SIGN_STYLE = Automatic;
				CURRENT_PROJECT_VERSION = 1;
				DEVELOPMENT_TEAM = 46FR58MBB3;
				GENERATE_INFOPLIST_FILE = YES;
				MARKETING_VERSION = 1.0;
				PRODUCT_BUNDLE_IDENTIFIER = maltaz.EssentialFeedAPIEndToEndTests;
				PRODUCT_NAME = "$(TARGET_NAME)";
				SWIFT_EMIT_LOC_STRINGS = NO;
				SWIFT_VERSION = 5.0;
			};
			name = Release;
		};
		E3E426082BB73CEC007E9224 /* Debug */ = {
			isa = XCBuildConfiguration;
			buildSettings = {
				ALWAYS_SEARCH_USER_PATHS = NO;
				ASSETCATALOG_COMPILER_GENERATE_SWIFT_ASSET_SYMBOL_EXTENSIONS = YES;
				CLANG_ANALYZER_NONNULL = YES;
				CLANG_ANALYZER_NUMBER_OBJECT_CONVERSION = YES_AGGRESSIVE;
				CLANG_CXX_LANGUAGE_STANDARD = "gnu++20";
				CLANG_ENABLE_MODULES = YES;
				CLANG_ENABLE_OBJC_ARC = YES;
				CLANG_ENABLE_OBJC_WEAK = YES;
				CLANG_WARN_BLOCK_CAPTURE_AUTORELEASING = YES;
				CLANG_WARN_BOOL_CONVERSION = YES;
				CLANG_WARN_COMMA = YES;
				CLANG_WARN_CONSTANT_CONVERSION = YES;
				CLANG_WARN_DEPRECATED_OBJC_IMPLEMENTATIONS = YES;
				CLANG_WARN_DIRECT_OBJC_ISA_USAGE = YES_ERROR;
				CLANG_WARN_DOCUMENTATION_COMMENTS = YES;
				CLANG_WARN_EMPTY_BODY = YES;
				CLANG_WARN_ENUM_CONVERSION = YES;
				CLANG_WARN_INFINITE_RECURSION = YES;
				CLANG_WARN_INT_CONVERSION = YES;
				CLANG_WARN_NON_LITERAL_NULL_CONVERSION = YES;
				CLANG_WARN_OBJC_IMPLICIT_RETAIN_SELF = YES;
				CLANG_WARN_OBJC_LITERAL_CONVERSION = YES;
				CLANG_WARN_OBJC_ROOT_CLASS = YES_ERROR;
				CLANG_WARN_QUOTED_INCLUDE_IN_FRAMEWORK_HEADER = YES;
				CLANG_WARN_RANGE_LOOP_ANALYSIS = YES;
				CLANG_WARN_STRICT_PROTOTYPES = YES;
				CLANG_WARN_SUSPICIOUS_MOVE = YES;
				CLANG_WARN_UNGUARDED_AVAILABILITY = YES_AGGRESSIVE;
				CLANG_WARN_UNREACHABLE_CODE = YES;
				CLANG_WARN__DUPLICATE_METHOD_MATCH = YES;
				COPY_PHASE_STRIP = NO;
				CURRENT_PROJECT_VERSION = 1;
				DEBUG_INFORMATION_FORMAT = dwarf;
				ENABLE_STRICT_OBJC_MSGSEND = YES;
				ENABLE_TESTABILITY = YES;
				ENABLE_USER_SCRIPT_SANDBOXING = YES;
				GCC_C_LANGUAGE_STANDARD = gnu17;
				GCC_DYNAMIC_NO_PIC = NO;
				GCC_NO_COMMON_BLOCKS = YES;
				GCC_OPTIMIZATION_LEVEL = 0;
				GCC_PREPROCESSOR_DEFINITIONS = (
					"DEBUG=1",
					"$(inherited)",
				);
				GCC_WARN_64_TO_32_BIT_CONVERSION = YES;
				GCC_WARN_ABOUT_RETURN_TYPE = YES_ERROR;
				GCC_WARN_UNDECLARED_SELECTOR = YES;
				GCC_WARN_UNINITIALIZED_AUTOS = YES_AGGRESSIVE;
				GCC_WARN_UNUSED_FUNCTION = YES;
				GCC_WARN_UNUSED_VARIABLE = YES;
				LOCALIZATION_PREFERS_STRING_CATALOGS = YES;
				MACOSX_DEPLOYMENT_TARGET = 14.3;
				MTL_ENABLE_DEBUG_INFO = INCLUDE_SOURCE;
				MTL_FAST_MATH = YES;
				ONLY_ACTIVE_ARCH = YES;
				SDKROOT = macosx;
				SWIFT_ACTIVE_COMPILATION_CONDITIONS = "DEBUG $(inherited)";
				SWIFT_OPTIMIZATION_LEVEL = "-Onone";
				VERSIONING_SYSTEM = "apple-generic";
				VERSION_INFO_PREFIX = "";
			};
			name = Debug;
		};
		E3E426092BB73CEC007E9224 /* Release */ = {
			isa = XCBuildConfiguration;
			buildSettings = {
				ALWAYS_SEARCH_USER_PATHS = NO;
				ASSETCATALOG_COMPILER_GENERATE_SWIFT_ASSET_SYMBOL_EXTENSIONS = YES;
				CLANG_ANALYZER_NONNULL = YES;
				CLANG_ANALYZER_NUMBER_OBJECT_CONVERSION = YES_AGGRESSIVE;
				CLANG_CXX_LANGUAGE_STANDARD = "gnu++20";
				CLANG_ENABLE_MODULES = YES;
				CLANG_ENABLE_OBJC_ARC = YES;
				CLANG_ENABLE_OBJC_WEAK = YES;
				CLANG_WARN_BLOCK_CAPTURE_AUTORELEASING = YES;
				CLANG_WARN_BOOL_CONVERSION = YES;
				CLANG_WARN_COMMA = YES;
				CLANG_WARN_CONSTANT_CONVERSION = YES;
				CLANG_WARN_DEPRECATED_OBJC_IMPLEMENTATIONS = YES;
				CLANG_WARN_DIRECT_OBJC_ISA_USAGE = YES_ERROR;
				CLANG_WARN_DOCUMENTATION_COMMENTS = YES;
				CLANG_WARN_EMPTY_BODY = YES;
				CLANG_WARN_ENUM_CONVERSION = YES;
				CLANG_WARN_INFINITE_RECURSION = YES;
				CLANG_WARN_INT_CONVERSION = YES;
				CLANG_WARN_NON_LITERAL_NULL_CONVERSION = YES;
				CLANG_WARN_OBJC_IMPLICIT_RETAIN_SELF = YES;
				CLANG_WARN_OBJC_LITERAL_CONVERSION = YES;
				CLANG_WARN_OBJC_ROOT_CLASS = YES_ERROR;
				CLANG_WARN_QUOTED_INCLUDE_IN_FRAMEWORK_HEADER = YES;
				CLANG_WARN_RANGE_LOOP_ANALYSIS = YES;
				CLANG_WARN_STRICT_PROTOTYPES = YES;
				CLANG_WARN_SUSPICIOUS_MOVE = YES;
				CLANG_WARN_UNGUARDED_AVAILABILITY = YES_AGGRESSIVE;
				CLANG_WARN_UNREACHABLE_CODE = YES;
				CLANG_WARN__DUPLICATE_METHOD_MATCH = YES;
				COPY_PHASE_STRIP = NO;
				CURRENT_PROJECT_VERSION = 1;
				DEBUG_INFORMATION_FORMAT = "dwarf-with-dsym";
				ENABLE_NS_ASSERTIONS = NO;
				ENABLE_STRICT_OBJC_MSGSEND = YES;
				ENABLE_USER_SCRIPT_SANDBOXING = YES;
				GCC_C_LANGUAGE_STANDARD = gnu17;
				GCC_NO_COMMON_BLOCKS = YES;
				GCC_WARN_64_TO_32_BIT_CONVERSION = YES;
				GCC_WARN_ABOUT_RETURN_TYPE = YES_ERROR;
				GCC_WARN_UNDECLARED_SELECTOR = YES;
				GCC_WARN_UNINITIALIZED_AUTOS = YES_AGGRESSIVE;
				GCC_WARN_UNUSED_FUNCTION = YES;
				GCC_WARN_UNUSED_VARIABLE = YES;
				LOCALIZATION_PREFERS_STRING_CATALOGS = YES;
				MACOSX_DEPLOYMENT_TARGET = 14.3;
				MTL_ENABLE_DEBUG_INFO = NO;
				MTL_FAST_MATH = YES;
				SDKROOT = macosx;
				SWIFT_COMPILATION_MODE = wholemodule;
				VERSIONING_SYSTEM = "apple-generic";
				VERSION_INFO_PREFIX = "";
			};
			name = Release;
		};
		E3E4260B2BB73CEC007E9224 /* Debug */ = {
			isa = XCBuildConfiguration;
			buildSettings = {
				BUILD_LIBRARY_FOR_DISTRIBUTION = YES;
				CLANG_ENABLE_MODULES = YES;
				CODE_SIGN_STYLE = Automatic;
				COMBINE_HIDPI_IMAGES = YES;
				CURRENT_PROJECT_VERSION = 1;
				DEFINES_MODULE = YES;
				DEVELOPMENT_TEAM = 46FR58MBB3;
				DYLIB_COMPATIBILITY_VERSION = 1;
				DYLIB_CURRENT_VERSION = 1;
				DYLIB_INSTALL_NAME_BASE = "@rpath";
				ENABLE_MODULE_VERIFIER = YES;
				GENERATE_INFOPLIST_FILE = YES;
				INFOPLIST_KEY_NSHumanReadableCopyright = "";
				INSTALL_PATH = "$(LOCAL_LIBRARY_DIR)/Frameworks";
				LD_RUNPATH_SEARCH_PATHS = (
					"$(inherited)",
					"@executable_path/../Frameworks",
					"@loader_path/Frameworks",
				);
				MARKETING_VERSION = 1.0;
				MODULE_VERIFIER_SUPPORTED_LANGUAGES = "objective-c objective-c++";
				MODULE_VERIFIER_SUPPORTED_LANGUAGE_STANDARDS = "gnu17 gnu++20";
				PRODUCT_BUNDLE_IDENTIFIER = maltaz.EssentialFeed;
				PRODUCT_NAME = "$(TARGET_NAME:c99extidentifier)";
				SKIP_INSTALL = YES;
				SWIFT_EMIT_LOC_STRINGS = YES;
				SWIFT_INSTALL_OBJC_HEADER = NO;
				SWIFT_OPTIMIZATION_LEVEL = "-Onone";
				SWIFT_VERSION = 5.0;
			};
			name = Debug;
		};
		E3E4260C2BB73CEC007E9224 /* Release */ = {
			isa = XCBuildConfiguration;
			buildSettings = {
				BUILD_LIBRARY_FOR_DISTRIBUTION = YES;
				CLANG_ENABLE_MODULES = YES;
				CODE_SIGN_STYLE = Automatic;
				COMBINE_HIDPI_IMAGES = YES;
				CURRENT_PROJECT_VERSION = 1;
				DEFINES_MODULE = YES;
				DEVELOPMENT_TEAM = 46FR58MBB3;
				DYLIB_COMPATIBILITY_VERSION = 1;
				DYLIB_CURRENT_VERSION = 1;
				DYLIB_INSTALL_NAME_BASE = "@rpath";
				ENABLE_MODULE_VERIFIER = YES;
				GENERATE_INFOPLIST_FILE = YES;
				INFOPLIST_KEY_NSHumanReadableCopyright = "";
				INSTALL_PATH = "$(LOCAL_LIBRARY_DIR)/Frameworks";
				LD_RUNPATH_SEARCH_PATHS = (
					"$(inherited)",
					"@executable_path/../Frameworks",
					"@loader_path/Frameworks",
				);
				MARKETING_VERSION = 1.0;
				MODULE_VERIFIER_SUPPORTED_LANGUAGES = "objective-c objective-c++";
				MODULE_VERIFIER_SUPPORTED_LANGUAGE_STANDARDS = "gnu17 gnu++20";
				PRODUCT_BUNDLE_IDENTIFIER = maltaz.EssentialFeed;
				PRODUCT_NAME = "$(TARGET_NAME:c99extidentifier)";
				SKIP_INSTALL = YES;
				SWIFT_EMIT_LOC_STRINGS = YES;
				SWIFT_INSTALL_OBJC_HEADER = NO;
				SWIFT_VERSION = 5.0;
			};
			name = Release;
		};
		E3E4260E2BB73CEC007E9224 /* Debug */ = {
			isa = XCBuildConfiguration;
			buildSettings = {
				ALWAYS_EMBED_SWIFT_STANDARD_LIBRARIES = YES;
				CODE_SIGN_STYLE = Automatic;
				CURRENT_PROJECT_VERSION = 1;
				DEVELOPMENT_TEAM = 46FR58MBB3;
				GENERATE_INFOPLIST_FILE = YES;
				MARKETING_VERSION = 1.0;
				PRODUCT_BUNDLE_IDENTIFIER = maltaz.EssentialFeedTests;
				PRODUCT_NAME = "$(TARGET_NAME)";
				SWIFT_EMIT_LOC_STRINGS = NO;
				SWIFT_VERSION = 5.0;
			};
			name = Debug;
		};
		E3E4260F2BB73CEC007E9224 /* Release */ = {
			isa = XCBuildConfiguration;
			buildSettings = {
				ALWAYS_EMBED_SWIFT_STANDARD_LIBRARIES = YES;
				CODE_SIGN_STYLE = Automatic;
				CURRENT_PROJECT_VERSION = 1;
				DEVELOPMENT_TEAM = 46FR58MBB3;
				GENERATE_INFOPLIST_FILE = YES;
				MARKETING_VERSION = 1.0;
				PRODUCT_BUNDLE_IDENTIFIER = maltaz.EssentialFeedTests;
				PRODUCT_NAME = "$(TARGET_NAME)";
				SWIFT_EMIT_LOC_STRINGS = NO;
				SWIFT_VERSION = 5.0;
			};
			name = Release;
		};
/* End XCBuildConfiguration section */

/* Begin XCConfigurationList section */
		E3A77DAE2C0E310F0010173B /* Build configuration list for PBXNativeTarget "EssentialFeedAPIEndToEndTests" */ = {
			isa = XCConfigurationList;
			buildConfigurations = (
				E3A77DAF2C0E310F0010173B /* Debug */,
				E3A77DB02C0E310F0010173B /* Release */,
			);
			defaultConfigurationIsVisible = 0;
			defaultConfigurationName = Release;
		};
		E3E425F22BB73CEC007E9224 /* Build configuration list for PBXProject "EssentialFeed" */ = {
			isa = XCConfigurationList;
			buildConfigurations = (
				E3E426082BB73CEC007E9224 /* Debug */,
				E3E426092BB73CEC007E9224 /* Release */,
			);
			defaultConfigurationIsVisible = 0;
			defaultConfigurationName = Release;
		};
		E3E4260A2BB73CEC007E9224 /* Build configuration list for PBXNativeTarget "EssentialFeed" */ = {
			isa = XCConfigurationList;
			buildConfigurations = (
				E3E4260B2BB73CEC007E9224 /* Debug */,
				E3E4260C2BB73CEC007E9224 /* Release */,
			);
			defaultConfigurationIsVisible = 0;
			defaultConfigurationName = Release;
		};
		E3E4260D2BB73CEC007E9224 /* Build configuration list for PBXNativeTarget "EssentialFeedTests" */ = {
			isa = XCConfigurationList;
			buildConfigurations = (
				E3E4260E2BB73CEC007E9224 /* Debug */,
				E3E4260F2BB73CEC007E9224 /* Release */,
			);
			defaultConfigurationIsVisible = 0;
			defaultConfigurationName = Release;
		};
/* End XCConfigurationList section */
	};
	rootObject = E3E425EF2BB73CEC007E9224 /* Project object */;
}
